// !$*UTF8*$!
{
	archiveVersion = 1;
	classes = {
	};
	objectVersion = 56;
	objects = {

/* Begin PBXBuildFile section */
		AA1A1A1A1A1A1A1A1A1A1A1A /* MDQuickLookApp.swift in Sources */ = {isa = PBXBuildFile; fileRef = AB1B1B1B1B1B1B1B1B1B1B1B /* MDQuickLookApp.swift */; };
		AC1C1C1C1C1C1C1C1C1C1C1C /* AboutView.swift in Sources */ = {isa = PBXBuildFile; fileRef = AD1D1D1D1D1D1D1D1D1D1D1D /* AboutView.swift */; };
		AE2E2E2E2E2E2E2E2E2E2E2E /* SettingsView.swift in Sources */ = {isa = PBXBuildFile; fileRef = AF2F2F2F2F2F2F2F2F2F2F2F /* SettingsView.swift */; };
		B01010101010101010101010 /* FirstLaunchView.swift in Sources */ = {isa = PBXBuildFile; fileRef = B11111111111111111111111 /* FirstLaunchView.swift */; };
		B23232323232323232323232 /* AppState.swift in Sources */ = {isa = PBXBuildFile; fileRef = B33333333333333333333333 /* AppState.swift */; };
		3A1A1A1A1A1A1A1A1A1A1A1A /* PreviewViewController.swift in Sources */ = {isa = PBXBuildFile; fileRef = 3B1B1B1B1B1B1B1B1B1B1B1B /* PreviewViewController.swift */; };
		3A1A1A1A1A1A1A1A1A1A1A1B /* MarkdownRenderer.swift in Sources */ = {isa = PBXBuildFile; fileRef = 3B1B1B1B1B1B1B1B1B1B1B1C /* MarkdownRenderer.swift */; };
		3A1A1A1A1A1A1A1A1A1A1A1D /* MarkdownLayoutManager.swift in Sources */ = {isa = PBXBuildFile; fileRef = 3B1B1B1B1B1B1B1B1B1B1B1F /* MarkdownLayoutManager.swift */; };
		3A1A1A1A1A1A1A1A1A1A1A2E /* TableExtractor.swift in Sources */ = {isa = PBXBuildFile; fileRef = 3B1B1B1B1B1B1B1B1B1B1B2E /* TableExtractor.swift */; };
		3A1A1A1A1A1A1A1A1A1A1A2F /* TableRenderer.swift in Sources */ = {isa = PBXBuildFile; fileRef = 3B1B1B1B1B1B1B1B1B1B1B2F /* TableRenderer.swift */; };
		4A1A1A1A1A1A1A1A1A1A1A1A /* MDQuickLook.appex in Embed Foundation Extensions */ = {isa = PBXBuildFile; fileRef = 5A1A1A1A1A1A1A1A1A1A1A1A /* MDQuickLook.appex */; settings = {ATTRIBUTES = (RemoveHeadersOnCopy, ); }; };
		6A1A1A1A1A1A1A1A1A1A1A1A /* Markdown in Frameworks */ = {isa = PBXBuildFile; productRef = 6B1B1B1B1B1B1B1B1B1B1B1B /* Markdown */; };
		7D1D1D1D1D1D1D1D1D1D1D1D /* Assets.xcassets in Resources */ = {isa = PBXBuildFile; fileRef = 7E1E1E1E1E1E1E1E1E1E1E1E /* Assets.xcassets */; };
		E08A24C72F3289140066E83C /* AppIcon.icon in Resources */ = {isa = PBXBuildFile; fileRef = E08924C72F3289140066E83C /* AppIcon.icon */; };
/* End PBXBuildFile section */

/* Begin PBXContainerItemProxy section */
		4B1B1B1B1B1B1B1B1B1B1B1B /* PBXContainerItemProxy */ = {
			isa = PBXContainerItemProxy;
			containerPortal = 1A1A1A1A1A1A1A1A1A1A1A1A /* Project object */;
			proxyType = 1;
			remoteGlobalIDString = 5A1A1A1A1A1A1A1A1A1A1A19;
			remoteInfo = MDQuickLook;
		};
/* End PBXContainerItemProxy section */

/* Begin PBXCopyFilesBuildPhase section */
		4A1A1A1A1A1A1A1A1A1A1A1B /* Embed Foundation Extensions */ = {
			isa = PBXCopyFilesBuildPhase;
			buildActionMask = 2147483647;
			dstPath = "";
			dstSubfolderSpec = 13;
			files = (
				4A1A1A1A1A1A1A1A1A1A1A1A /* MDQuickLook.appex in Embed Foundation Extensions */,
			);
			name = "Embed Foundation Extensions";
			runOnlyForDeploymentPostprocessing = 0;
		};
/* End PBXCopyFilesBuildPhase section */

/* Begin PBXFileReference section */
		1B1B1B1B1B1B1B1B1B1B1B1B /* MDQuickLook.app */ = {isa = PBXFileReference; explicitFileType = wrapper.application; includeInIndex = 0; path = MDQuickLook.app; sourceTree = BUILT_PRODUCTS_DIR; };
		AB1B1B1B1B1B1B1B1B1B1B1B /* MDQuickLookApp.swift */ = {isa = PBXFileReference; lastKnownFileType = sourcecode.swift; path = MDQuickLookApp.swift; sourceTree = "<group>"; };
		AD1D1D1D1D1D1D1D1D1D1D1D /* AboutView.swift */ = {isa = PBXFileReference; lastKnownFileType = sourcecode.swift; path = AboutView.swift; sourceTree = "<group>"; };
		AF2F2F2F2F2F2F2F2F2F2F2F /* SettingsView.swift */ = {isa = PBXFileReference; lastKnownFileType = sourcecode.swift; path = SettingsView.swift; sourceTree = "<group>"; };
		B11111111111111111111111 /* FirstLaunchView.swift */ = {isa = PBXFileReference; lastKnownFileType = sourcecode.swift; path = FirstLaunchView.swift; sourceTree = "<group>"; };
		B33333333333333333333333 /* AppState.swift */ = {isa = PBXFileReference; lastKnownFileType = sourcecode.swift; path = AppState.swift; sourceTree = "<group>"; };
		2B1B1B1B1B1B1B1B1B1B1B1C /* Info.plist */ = {isa = PBXFileReference; lastKnownFileType = text.plist.xml; path = Info.plist; sourceTree = "<group>"; };
		3B1B1B1B1B1B1B1B1B1B1B1B /* PreviewViewController.swift */ = {isa = PBXFileReference; lastKnownFileType = sourcecode.swift; path = PreviewViewController.swift; sourceTree = "<group>"; };
		3B1B1B1B1B1B1B1B1B1B1B1C /* MarkdownRenderer.swift */ = {isa = PBXFileReference; lastKnownFileType = sourcecode.swift; path = MarkdownRenderer.swift; sourceTree = "<group>"; };
		3B1B1B1B1B1B1B1B1B1B1B1D /* Info.plist */ = {isa = PBXFileReference; lastKnownFileType = text.plist.xml; path = Info.plist; sourceTree = "<group>"; };
		3B1B1B1B1B1B1B1B1B1B1B1E /* MDQuickLook.entitlements */ = {isa = PBXFileReference; lastKnownFileType = text.plist.entitlements; path = MDQuickLook.entitlements; sourceTree = "<group>"; };
		3B1B1B1B1B1B1B1B1B1B1B1F /* MarkdownLayoutManager.swift */ = {isa = PBXFileReference; lastKnownFileType = sourcecode.swift; path = MarkdownLayoutManager.swift; sourceTree = "<group>"; };
		3B1B1B1B1B1B1B1B1B1B1B2E /* TableExtractor.swift */ = {isa = PBXFileReference; lastKnownFileType = sourcecode.swift; path = TableExtractor.swift; sourceTree = "<group>"; };
		3B1B1B1B1B1B1B1B1B1B1B2F /* TableRenderer.swift */ = {isa = PBXFileReference; lastKnownFileType = sourcecode.swift; path = TableRenderer.swift; sourceTree = "<group>"; };
		5A1A1A1A1A1A1A1A1A1A1A1A /* MDQuickLook.appex */ = {isa = PBXFileReference; explicitFileType = "wrapper.app-extension"; includeInIndex = 0; name = MDQuickLook.appex; path = "MDQuickLook Extension.appex"; sourceTree = BUILT_PRODUCTS_DIR; };
		7E1E1E1E1E1E1E1E1E1E1E1E /* Assets.xcassets */ = {isa = PBXFileReference; lastKnownFileType = folder.assetcatalog; path = Assets.xcassets; sourceTree = "<group>"; };
		8F1F1F1F1F1F1F1F1F1F1F1F /* AppIcon.icon */ = {isa = PBXFileReference; lastKnownFileType = folder; path = AppIcon.icon; sourceTree = "<group>"; };
		E08924C72F3289140066E83C /* AppIcon.icon */ = {isa = PBXFileReference; lastKnownFileType = folder.iconcomposer.icon; path = AppIcon.icon; sourceTree = "<group>"; };
/* End PBXFileReference section */

/* Begin PBXFrameworksBuildPhase section */
		1A1A1A1A1A1A1A1A1A1A1A1C /* Frameworks */ = {
			isa = PBXFrameworksBuildPhase;
			buildActionMask = 2147483647;
			files = (
			);
			runOnlyForDeploymentPostprocessing = 0;
		};
		5A1A1A1A1A1A1A1A1A1A1A1C /* Frameworks */ = {
			isa = PBXFrameworksBuildPhase;
			buildActionMask = 2147483647;
			files = (
				6A1A1A1A1A1A1A1A1A1A1A1A /* Markdown in Frameworks */,
			);
			runOnlyForDeploymentPostprocessing = 0;
		};
/* End PBXFrameworksBuildPhase section */

/* Begin PBXGroup section */
		1A1A1A1A1A1A1A1A1A1A1A1B = {
			isa = PBXGroup;
			children = (
				2C1C1C1C1C1C1C1C1C1C1C1C /* MDQuickLook */,
				3C1C1C1C1C1C1C1C1C1C1C1C /* MDQuickLook Extension */,
				1C1C1C1C1C1C1C1C1C1C1C1C /* Products */,
				E08924C72F3289140066E83C /* AppIcon.icon */,
			);
			sourceTree = "<group>";
		};
		1C1C1C1C1C1C1C1C1C1C1C1C /* Products */ = {
			isa = PBXGroup;
			children = (
				1B1B1B1B1B1B1B1B1B1B1B1B /* MDQuickLook.app */,
				5A1A1A1A1A1A1A1A1A1A1A1A /* MDQuickLook.appex */,
			);
			name = Products;
			sourceTree = "<group>";
		};
		2C1C1C1C1C1C1C1C1C1C1C1C /* MDQuickLook */ = {
			isa = PBXGroup;
			children = (
				AB1B1B1B1B1B1B1B1B1B1B1B /* MDQuickLookApp.swift */,
				C44444444444444444444444 /* Views */,
				C55555555555555555555555 /* Models */,
				2B1B1B1B1B1B1B1B1B1B1B1C /* Info.plist */,
				7E1E1E1E1E1E1E1E1E1E1E1E /* Assets.xcassets */,
				9F1F1F1F1F1F1F1F1F1F1F1F /* Resources */,
			);
			path = MDQuickLook;
			sourceTree = "<group>";
		};
		C44444444444444444444444 /* Views */ = {
			isa = PBXGroup;
			children = (
				AD1D1D1D1D1D1D1D1D1D1D1D /* AboutView.swift */,
				AF2F2F2F2F2F2F2F2F2F2F2F /* SettingsView.swift */,
				B11111111111111111111111 /* FirstLaunchView.swift */,
			);
			path = Views;
			sourceTree = "<group>";
		};
		C55555555555555555555555 /* Models */ = {
			isa = PBXGroup;
			children = (
				B33333333333333333333333 /* AppState.swift */,
			);
			path = Models;
			sourceTree = "<group>";
		};
		3C1C1C1C1C1C1C1C1C1C1C1C /* MDQuickLook Extension */ = {
			isa = PBXGroup;
			children = (
				3B1B1B1B1B1B1B1B1B1B1B1B /* PreviewViewController.swift */,
				3B1B1B1B1B1B1B1B1B1B1B1C /* MarkdownRenderer.swift */,
				3B1B1B1B1B1B1B1B1B1B1B1F /* MarkdownLayoutManager.swift */,
				3B1B1B1B1B1B1B1B1B1B1B2E /* TableExtractor.swift */,
				3B1B1B1B1B1B1B1B1B1B1B2F /* TableRenderer.swift */,
				3B1B1B1B1B1B1B1B1B1B1B1D /* Info.plist */,
				3B1B1B1B1B1B1B1B1B1B1B1E /* MDQuickLook.entitlements */,
			);
			path = "MDQuickLook Extension";
			sourceTree = "<group>";
		};
		9F1F1F1F1F1F1F1F1F1F1F1F /* Resources */ = {
			isa = PBXGroup;
			children = (
				8F1F1F1F1F1F1F1F1F1F1F1F /* AppIcon.icon */,
			);
			path = Resources;
			sourceTree = "<group>";
		};
/* End PBXGroup section */

/* Begin PBXNativeTarget section */
		1A1A1A1A1A1A1A1A1A1A1A19 /* MDQuickLook */ = {
			isa = PBXNativeTarget;
			buildConfigurationList = 7A1A1A1A1A1A1A1A1A1A1A1A /* Build configuration list for PBXNativeTarget "MDQuickLook" */;
			buildPhases = (
				1A1A1A1A1A1A1A1A1A1A1A1D /* Sources */,
				1A1A1A1A1A1A1A1A1A1A1A1C /* Frameworks */,
				1A1A1A1A1A1A1A1A1A1A1A1E /* Resources */,
				4A1A1A1A1A1A1A1A1A1A1A1B /* Embed Foundation Extensions */,
			);
			buildRules = (
			);
			dependencies = (
				4B1B1B1B1B1B1B1B1B1B1B1C /* PBXTargetDependency */,
			);
			name = MDQuickLook;
			productName = MDQuickLook;
			productReference = 1B1B1B1B1B1B1B1B1B1B1B1B /* MDQuickLook.app */;
			productType = "com.apple.product-type.application";
		};
		5A1A1A1A1A1A1A1A1A1A1A19 /* MDQuickLook Extension */ = {
			isa = PBXNativeTarget;
			buildConfigurationList = 8A1A1A1A1A1A1A1A1A1A1A1A /* Build configuration list for PBXNativeTarget "MDQuickLook Extension" */;
			buildPhases = (
				5A1A1A1A1A1A1A1A1A1A1A1D /* Sources */,
				5A1A1A1A1A1A1A1A1A1A1A1C /* Frameworks */,
				5A1A1A1A1A1A1A1A1A1A1A1E /* Resources */,
			);
			buildRules = (
			);
			dependencies = (
			);
			name = "MDQuickLook Extension";
			packageProductDependencies = (
				6B1B1B1B1B1B1B1B1B1B1B1B /* Markdown */,
			);
			productName = "MDQuickLook Extension";
			productReference = 5A1A1A1A1A1A1A1A1A1A1A1A /* MDQuickLook.appex */;
			productType = "com.apple.product-type.app-extension";
		};
/* End PBXNativeTarget section */

/* Begin PBXProject section */
		1A1A1A1A1A1A1A1A1A1A1A1A /* Project object */ = {
			isa = PBXProject;
			attributes = {
				BuildIndependentTargetsInParallel = 1;
				LastSwiftUpdateCheck = 1600;
				LastUpgradeCheck = 1600;
				TargetAttributes = {
					1A1A1A1A1A1A1A1A1A1A1A19 = {
						CreatedOnToolsVersion = 16.0;
					};
					5A1A1A1A1A1A1A1A1A1A1A19 = {
						CreatedOnToolsVersion = 16.0;
					};
				};
			};
			buildConfigurationList = 7A1A1A1A1A1A1A1A1A1A1A1B /* Build configuration list for PBXProject "MDQuickLook" */;
			compatibilityVersion = "Xcode 14.0";
			developmentRegion = en;
			hasScannedForEncodings = 0;
			knownRegions = (
				en,
				Base,
			);
			mainGroup = 1A1A1A1A1A1A1A1A1A1A1A1B;
			packageReferences = (
				6A1A1A1A1A1A1A1A1A1A1A1B /* XCRemoteSwiftPackageReference "swift-markdown" */,
			);
			productRefGroup = 1C1C1C1C1C1C1C1C1C1C1C1C /* Products */;
			projectDirPath = "";
			projectRoot = "";
			targets = (
				1A1A1A1A1A1A1A1A1A1A1A19 /* MDQuickLook */,
				5A1A1A1A1A1A1A1A1A1A1A19 /* MDQuickLook Extension */,
			);
		};
/* End PBXProject section */

/* Begin PBXResourcesBuildPhase section */
		1A1A1A1A1A1A1A1A1A1A1A1E /* Resources */ = {
			isa = PBXResourcesBuildPhase;
			buildActionMask = 2147483647;
			files = (
				7D1D1D1D1D1D1D1D1D1D1D1D /* Assets.xcassets in Resources */,
				E08A24C72F3289140066E83C /* AppIcon.icon in Resources */,
			);
			runOnlyForDeploymentPostprocessing = 0;
		};
		5A1A1A1A1A1A1A1A1A1A1A1E /* Resources */ = {
			isa = PBXResourcesBuildPhase;
			buildActionMask = 2147483647;
			files = (
			);
			runOnlyForDeploymentPostprocessing = 0;
		};
/* End PBXResourcesBuildPhase section */

/* Begin PBXSourcesBuildPhase section */
		1A1A1A1A1A1A1A1A1A1A1A1D /* Sources */ = {
			isa = PBXSourcesBuildPhase;
			buildActionMask = 2147483647;
			files = (
				AA1A1A1A1A1A1A1A1A1A1A1A /* MDQuickLookApp.swift in Sources */,
				AC1C1C1C1C1C1C1C1C1C1C1C /* AboutView.swift in Sources */,
				AE2E2E2E2E2E2E2E2E2E2E2E /* SettingsView.swift in Sources */,
				B01010101010101010101010 /* FirstLaunchView.swift in Sources */,
				B23232323232323232323232 /* AppState.swift in Sources */,
			);
			runOnlyForDeploymentPostprocessing = 0;
		};
		5A1A1A1A1A1A1A1A1A1A1A1D /* Sources */ = {
			isa = PBXSourcesBuildPhase;
			buildActionMask = 2147483647;
			files = (
				3A1A1A1A1A1A1A1A1A1A1A1A /* PreviewViewController.swift in Sources */,
				3A1A1A1A1A1A1A1A1A1A1A1B /* MarkdownRenderer.swift in Sources */,
				3A1A1A1A1A1A1A1A1A1A1A1D /* MarkdownLayoutManager.swift in Sources */,
				3A1A1A1A1A1A1A1A1A1A1A2E /* TableExtractor.swift in Sources */,
				3A1A1A1A1A1A1A1A1A1A1A2F /* TableRenderer.swift in Sources */,
			);
			runOnlyForDeploymentPostprocessing = 0;
		};
/* End PBXSourcesBuildPhase section */

/* Begin PBXTargetDependency section */
		4B1B1B1B1B1B1B1B1B1B1B1C /* PBXTargetDependency */ = {
			isa = PBXTargetDependency;
			target = 5A1A1A1A1A1A1A1A1A1A1A19 /* MDQuickLook Extension */;
			targetProxy = 4B1B1B1B1B1B1B1B1B1B1B1B /* PBXContainerItemProxy */;
		};
/* End PBXTargetDependency section */

/* Begin XCBuildConfiguration section */
		9A1A1A1A1A1A1A1A1A1A1A1A /* Debug */ = {
			isa = XCBuildConfiguration;
			buildSettings = {
				ALWAYS_SEARCH_USER_PATHS = NO;
				ASSETCATALOG_COMPILER_GENERATE_SWIFT_ASSET_SYMBOL_EXTENSIONS = YES;
				CLANG_ANALYZER_NONNULL = YES;
				CLANG_ANALYZER_NUMBER_OBJECT_CONVERSION = YES_AGGRESSIVE;
				CLANG_CXX_LANGUAGE_STANDARD = "gnu++20";
				CLANG_ENABLE_MODULES = YES;
				CLANG_ENABLE_OBJC_ARC = YES;
				CLANG_ENABLE_OBJC_WEAK = YES;
				CLANG_WARN_BLOCK_CAPTURE_AUTORELEASING = YES;
				CLANG_WARN_BOOL_CONVERSION = YES;
				CLANG_WARN_COMMA = YES;
				CLANG_WARN_CONSTANT_CONVERSION = YES;
				CLANG_WARN_DEPRECATED_OBJC_IMPLEMENTATIONS = YES;
				CLANG_WARN_DIRECT_OBJC_ISA_USAGE = YES_ERROR;
				CLANG_WARN_DOCUMENTATION_COMMENTS = YES;
				CLANG_WARN_EMPTY_BODY = YES;
				CLANG_WARN_ENUM_CONVERSION = YES;
				CLANG_WARN_INFINITE_RECURSION = YES;
				CLANG_WARN_INT_CONVERSION = YES;
				CLANG_WARN_NON_LITERAL_NULL_CONVERSION = YES;
				CLANG_WARN_OBJC_IMPLICIT_RETAIN_SELF = YES;
				CLANG_WARN_OBJC_LITERAL_CONVERSION = YES;
				CLANG_WARN_OBJC_ROOT_CLASS = YES_ERROR;
				CLANG_WARN_QUOTED_INCLUDE_IN_FRAMEWORK_HEADER = YES;
				CLANG_WARN_RANGE_LOOP_ANALYSIS = YES;
				CLANG_WARN_STRICT_PROTOTYPES = YES;
				CLANG_WARN_SUSPICIOUS_MOVE = YES;
				CLANG_WARN_UNGUARDED_AVAILABILITY = YES_AGGRESSIVE;
				CLANG_WARN_UNREACHABLE_CODE = YES;
				CLANG_WARN__DUPLICATE_METHOD_MATCH = YES;
				COPY_PHASE_STRIP = NO;
				DEBUG_INFORMATION_FORMAT = dwarf;
				ENABLE_STRICT_OBJC_MSGSEND = YES;
				ENABLE_TESTABILITY = YES;
				ENABLE_USER_SCRIPT_SANDBOXING = YES;
				GCC_C_LANGUAGE_STANDARD = gnu17;
				GCC_DYNAMIC_NO_PIC = NO;
				GCC_NO_COMMON_BLOCKS = YES;
				GCC_OPTIMIZATION_LEVEL = 0;
				GCC_PREPROCESSOR_DEFINITIONS = (
					"DEBUG=1",
					"$(inherited)",
				);
				GCC_WARN_64_TO_32_BIT_CONVERSION = YES;
				GCC_WARN_ABOUT_RETURN_TYPE = YES_ERROR;
				GCC_WARN_UNDECLARED_SELECTOR = YES;
				GCC_WARN_UNINITIALIZED_AUTOS = YES_AGGRESSIVE;
				GCC_WARN_UNUSED_FUNCTION = YES;
				GCC_WARN_UNUSED_VARIABLE = YES;
				LOCALIZATION_PREFERS_STRING_CATALOGS = YES;
				MACOSX_DEPLOYMENT_TARGET = 14.0;
				MTL_ENABLE_DEBUG_INFO = INCLUDE_SOURCE;
				MTL_FAST_MATH = YES;
				ONLY_ACTIVE_ARCH = YES;
				SDKROOT = macosx;
				SWIFT_ACTIVE_COMPILATION_CONDITIONS = "DEBUG $(inherited)";
				SWIFT_OPTIMIZATION_LEVEL = "-Onone";
			};
			name = Debug;
		};
		9A1A1A1A1A1A1A1A1A1A1A1B /* Release */ = {
			isa = XCBuildConfiguration;
			buildSettings = {
				ALWAYS_SEARCH_USER_PATHS = NO;
				ASSETCATALOG_COMPILER_GENERATE_SWIFT_ASSET_SYMBOL_EXTENSIONS = YES;
				CLANG_ANALYZER_NONNULL = YES;
				CLANG_ANALYZER_NUMBER_OBJECT_CONVERSION = YES_AGGRESSIVE;
				CLANG_CXX_LANGUAGE_STANDARD = "gnu++20";
				CLANG_ENABLE_MODULES = YES;
				CLANG_ENABLE_OBJC_ARC = YES;
				CLANG_ENABLE_OBJC_WEAK = YES;
				CLANG_WARN_BLOCK_CAPTURE_AUTORELEASING = YES;
				CLANG_WARN_BOOL_CONVERSION = YES;
				CLANG_WARN_COMMA = YES;
				CLANG_WARN_CONSTANT_CONVERSION = YES;
				CLANG_WARN_DEPRECATED_OBJC_IMPLEMENTATIONS = YES;
				CLANG_WARN_DIRECT_OBJC_ISA_USAGE = YES_ERROR;
				CLANG_WARN_DOCUMENTATION_COMMENTS = YES;
				CLANG_WARN_EMPTY_BODY = YES;
				CLANG_WARN_ENUM_CONVERSION = YES;
				CLANG_WARN_INFINITE_RECURSION = YES;
				CLANG_WARN_INT_CONVERSION = YES;
				CLANG_WARN_NON_LITERAL_NULL_CONVERSION = YES;
				CLANG_WARN_OBJC_IMPLICIT_RETAIN_SELF = YES;
				CLANG_WARN_OBJC_LITERAL_CONVERSION = YES;
				CLANG_WARN_OBJC_ROOT_CLASS = YES_ERROR;
				CLANG_WARN_QUOTED_INCLUDE_IN_FRAMEWORK_HEADER = YES;
				CLANG_WARN_RANGE_LOOP_ANALYSIS = YES;
				CLANG_WARN_STRICT_PROTOTYPES = YES;
				CLANG_WARN_SUSPICIOUS_MOVE = YES;
				CLANG_WARN_UNGUARDED_AVAILABILITY = YES_AGGRESSIVE;
				CLANG_WARN_UNREACHABLE_CODE = YES;
				CLANG_WARN__DUPLICATE_METHOD_MATCH = YES;
				COPY_PHASE_STRIP = NO;
				DEBUG_INFORMATION_FORMAT = "dwarf-with-dsym";
				ENABLE_NS_ASSERTIONS = NO;
				ENABLE_STRICT_OBJC_MSGSEND = YES;
				ENABLE_USER_SCRIPT_SANDBOXING = YES;
				GCC_C_LANGUAGE_STANDARD = gnu17;
				GCC_NO_COMMON_BLOCKS = YES;
				GCC_WARN_64_TO_32_BIT_CONVERSION = YES;
				GCC_WARN_ABOUT_RETURN_TYPE = YES_ERROR;
				GCC_WARN_UNDECLARED_SELECTOR = YES;
				GCC_WARN_UNINITIALIZED_AUTOS = YES_AGGRESSIVE;
				GCC_WARN_UNUSED_FUNCTION = YES;
				GCC_WARN_UNUSED_VARIABLE = YES;
				LOCALIZATION_PREFERS_STRING_CATALOGS = YES;
				MACOSX_DEPLOYMENT_TARGET = 14.0;
				MTL_ENABLE_DEBUG_INFO = NO;
				MTL_FAST_MATH = YES;
				SDKROOT = macosx;
				SWIFT_COMPILATION_MODE = wholemodule;
			};
			name = Release;
		};
		9A1A1A1A1A1A1A1A1A1A1A1C /* Debug */ = {
			isa = XCBuildConfiguration;
			buildSettings = {
				ASSETCATALOG_COMPILER_APPICON_NAME = AppIcon;
				CODE_SIGN_ENTITLEMENTS = "";
				CODE_SIGN_STYLE = Automatic;
				COMBINE_HIDPI_IMAGES = YES;
				CURRENT_PROJECT_VERSION = 1;
				DEVELOPMENT_TEAM = "";
				ENABLE_HARDENED_RUNTIME = YES;
				GENERATE_INFOPLIST_FILE = NO;
				INFOPLIST_FILE = MDQuickLook/Info.plist;
				INFOPLIST_KEY_NSHumanReadableCopyright = "";
				INFOPLIST_KEY_NSPrincipalClass = NSApplication;
				LD_RUNPATH_SEARCH_PATHS = (
					"$(inherited)",
					"@executable_path/../Frameworks",
				);
				MARKETING_VERSION = 0.1.0;
				PRODUCT_BUNDLE_IDENTIFIER = com.rocketpop.MDQuickLook;
				PRODUCT_NAME = "$(TARGET_NAME)";
				SWIFT_EMIT_LOC_STRINGS = YES;
				SWIFT_VERSION = 5.0;
			};
			name = Debug;
		};
		9A1A1A1A1A1A1A1A1A1A1A1D /* Release */ = {
			isa = XCBuildConfiguration;
			buildSettings = {
				ASSETCATALOG_COMPILER_APPICON_NAME = AppIcon;
				CODE_SIGN_ENTITLEMENTS = "";
				CODE_SIGN_STYLE = Automatic;
				COMBINE_HIDPI_IMAGES = YES;
				CURRENT_PROJECT_VERSION = 1;
				DEVELOPMENT_TEAM = "";
				ENABLE_HARDENED_RUNTIME = YES;
				GENERATE_INFOPLIST_FILE = NO;
				INFOPLIST_FILE = MDQuickLook/Info.plist;
				INFOPLIST_KEY_NSHumanReadableCopyright = "";
				INFOPLIST_KEY_NSPrincipalClass = NSApplication;
				LD_RUNPATH_SEARCH_PATHS = (
					"$(inherited)",
					"@executable_path/../Frameworks",
				);
				MARKETING_VERSION = 0.1.0;
				PRODUCT_BUNDLE_IDENTIFIER = com.rocketpop.MDQuickLook;
				PRODUCT_NAME = "$(TARGET_NAME)";
				SWIFT_EMIT_LOC_STRINGS = YES;
				SWIFT_VERSION = 5.0;
			};
			name = Release;
		};
		9A1A1A1A1A1A1A1A1A1A1A1E /* Debug */ = {
			isa = XCBuildConfiguration;
			buildSettings = {
				CODE_SIGN_ENTITLEMENTS = "MDQuickLook Extension/MDQuickLook.entitlements";
				CODE_SIGN_STYLE = Automatic;
				COMBINE_HIDPI_IMAGES = YES;
				CURRENT_PROJECT_VERSION = 1;
				DEVELOPMENT_TEAM = "";
				ENABLE_HARDENED_RUNTIME = YES;
				GENERATE_INFOPLIST_FILE = NO;
				INFOPLIST_FILE = "MDQuickLook Extension/Info.plist";
				INFOPLIST_KEY_CFBundleDisplayName = ".md for QuickLook";
				INFOPLIST_KEY_NSHumanReadableCopyright = "";
				LD_RUNPATH_SEARCH_PATHS = (
					"$(inherited)",
					"@executable_path/../Frameworks",
					"@executable_path/../../../../Frameworks",
				);
				MARKETING_VERSION = 0.1.0;
				PRODUCT_BUNDLE_IDENTIFIER = com.rocketpop.MDQuickLook.Extension;
				PRODUCT_NAME = "$(TARGET_NAME)";
				SKIP_INSTALL = YES;
				SWIFT_EMIT_LOC_STRINGS = YES;
				SWIFT_VERSION = 5.0;
			};
			name = Debug;
		};
		9A1A1A1A1A1A1A1A1A1A1A1F /* Release */ = {
			isa = XCBuildConfiguration;
			buildSettings = {
				CODE_SIGN_ENTITLEMENTS = "MDQuickLook Extension/MDQuickLook.entitlements";
				CODE_SIGN_STYLE = Automatic;
				COMBINE_HIDPI_IMAGES = YES;
				CURRENT_PROJECT_VERSION = 1;
				DEVELOPMENT_TEAM = "";
				ENABLE_HARDENED_RUNTIME = YES;
				GENERATE_INFOPLIST_FILE = NO;
				INFOPLIST_FILE = "MDQuickLook Extension/Info.plist";
				INFOPLIST_KEY_CFBundleDisplayName = ".md for QuickLook";
				INFOPLIST_KEY_NSHumanReadableCopyright = "";
				LD_RUNPATH_SEARCH_PATHS = (
					"$(inherited)",
					"@executable_path/../Frameworks",
					"@executable_path/../../../../Frameworks",
				);
				MARKETING_VERSION = 0.1.0;
				PRODUCT_BUNDLE_IDENTIFIER = com.rocketpop.MDQuickLook.Extension;
				PRODUCT_NAME = "$(TARGET_NAME)";
				SKIP_INSTALL = YES;
				SWIFT_EMIT_LOC_STRINGS = YES;
				SWIFT_VERSION = 5.0;
			};
			name = Release;
		};
/* End XCBuildConfiguration section */

/* Begin XCConfigurationList section */
		7A1A1A1A1A1A1A1A1A1A1A1A /* Build configuration list for PBXNativeTarget "MDQuickLook" */ = {
			isa = XCConfigurationList;
			buildConfigurations = (
				9A1A1A1A1A1A1A1A1A1A1A1C /* Debug */,
				9A1A1A1A1A1A1A1A1A1A1A1D /* Release */,
			);
			defaultConfigurationIsVisible = 0;
			defaultConfigurationName = Release;
		};
		7A1A1A1A1A1A1A1A1A1A1A1B /* Build configuration list for PBXProject "MDQuickLook" */ = {
			isa = XCConfigurationList;
			buildConfigurations = (
				9A1A1A1A1A1A1A1A1A1A1A1A /* Debug */,
				9A1A1A1A1A1A1A1A1A1A1A1B /* Release */,
			);
			defaultConfigurationIsVisible = 0;
			defaultConfigurationName = Release;
		};
		8A1A1A1A1A1A1A1A1A1A1A1A /* Build configuration list for PBXNativeTarget "MDQuickLook Extension" */ = {
			isa = XCConfigurationList;
			buildConfigurations = (
				9A1A1A1A1A1A1A1A1A1A1A1E /* Debug */,
				9A1A1A1A1A1A1A1A1A1A1A1F /* Release */,
			);
			defaultConfigurationIsVisible = 0;
			defaultConfigurationName = Release;
		};
/* End XCConfigurationList section */

/* Begin XCRemoteSwiftPackageReference section */
		6A1A1A1A1A1A1A1A1A1A1A1B /* XCRemoteSwiftPackageReference "swift-markdown" */ = {
			isa = XCRemoteSwiftPackageReference;
			repositoryURL = "https://github.com/swiftlang/swift-markdown.git";
			requirement = {
				branch = main;
				kind = branch;
			};
		};
/* End XCRemoteSwiftPackageReference section */

/* Begin XCSwiftPackageProductDependency section */
		6B1B1B1B1B1B1B1B1B1B1B1B /* Markdown */ = {
			isa = XCSwiftPackageProductDependency;
			package = 6A1A1A1A1A1A1A1A1A1A1A1B /* XCRemoteSwiftPackageReference "swift-markdown" */;
			productName = Markdown;
		};
/* End XCSwiftPackageProductDependency section */
	};
	rootObject = 1A1A1A1A1A1A1A1A1A1A1A1A /* Project object */;
}
